// !$*UTF8*$!
{
	archiveVersion = 1;
	classes = {
	};
	objectVersion = 46;
	objects = {

/* Begin PBXBuildFile section */
		4BDBEBD11A385932008CDF89 /* main.m in Sources */ = {isa = PBXBuildFile; fileRef = 4BDBEBD01A385932008CDF89 /* main.m */; };
		4BDBEBD41A385932008CDF89 /* AppDelegate.m in Sources */ = {isa = PBXBuildFile; fileRef = 4BDBEBD31A385932008CDF89 /* AppDelegate.m */; };
		4BDBEBD71A385932008CDF89 /* FirstViewController.m in Sources */ = {isa = PBXBuildFile; fileRef = 4BDBEBD61A385932008CDF89 /* FirstViewController.m */; };
		4BDBEBDA1A385932008CDF89 /* SecondViewController.m in Sources */ = {isa = PBXBuildFile; fileRef = 4BDBEBD91A385932008CDF89 /* SecondViewController.m */; };
		4BDBEBDD1A385932008CDF89 /* Main.storyboard in Resources */ = {isa = PBXBuildFile; fileRef = 4BDBEBDB1A385932008CDF89 /* Main.storyboard */; };
		4BDBEBDF1A385932008CDF89 /* Images.xcassets in Resources */ = {isa = PBXBuildFile; fileRef = 4BDBEBDE1A385932008CDF89 /* Images.xcassets */; };
		4BDBEBE21A385932008CDF89 /* LaunchScreen.xib in Resources */ = {isa = PBXBuildFile; fileRef = 4BDBEBE01A385932008CDF89 /* LaunchScreen.xib */; };
		4BDBEBEE1A385932008CDF89 /* TestTravisiOSTests.m in Sources */ = {isa = PBXBuildFile; fileRef = 4BDBEBED1A385932008CDF89 /* TestTravisiOSTests.m */; };
/* End PBXBuildFile section */

/* Begin PBXContainerItemProxy section */
		4BDBEBE81A385932008CDF89 /* PBXContainerItemProxy */ = {
			isa = PBXContainerItemProxy;
			containerPortal = 4BDBEBC31A385931008CDF89 /* Project object */;
			proxyType = 1;
			remoteGlobalIDString = 4BDBEBCA1A385931008CDF89;
			remoteInfo = TestTravisiOS;
		};
/* End PBXContainerItemProxy section */

/* Begin PBXFileReference section */
		4BDBEBCB1A385931008CDF89 /* TestTravisiOS.app */ = {isa = PBXFileReference; explicitFileType = wrapper.application; includeInIndex = 0; path = TestTravisiOS.app; sourceTree = BUILT_PRODUCTS_DIR; };
		4BDBEBCF1A385932008CDF89 /* Info.plist */ = {isa = PBXFileReference; lastKnownFileType = text.plist.xml; path = Info.plist; sourceTree = "<group>"; };
		4BDBEBD01A385932008CDF89 /* main.m */ = {isa = PBXFileReference; lastKnownFileType = sourcecode.c.objc; path = main.m; sourceTree = "<group>"; };
		4BDBEBD21A385932008CDF89 /* AppDelegate.h */ = {isa = PBXFileReference; lastKnownFileType = sourcecode.c.h; path = AppDelegate.h; sourceTree = "<group>"; };
		4BDBEBD31A385932008CDF89 /* AppDelegate.m */ = {isa = PBXFileReference; lastKnownFileType = sourcecode.c.objc; path = AppDelegate.m; sourceTree = "<group>"; };
		4BDBEBD51A385932008CDF89 /* FirstViewController.h */ = {isa = PBXFileReference; lastKnownFileType = sourcecode.c.h; path = FirstViewController.h; sourceTree = "<group>"; };
		4BDBEBD61A385932008CDF89 /* FirstViewController.m */ = {isa = PBXFileReference; lastKnownFileType = sourcecode.c.objc; path = FirstViewController.m; sourceTree = "<group>"; };
		4BDBEBD81A385932008CDF89 /* SecondViewController.h */ = {isa = PBXFileReference; lastKnownFileType = sourcecode.c.h; path = SecondViewController.h; sourceTree = "<group>"; };
		4BDBEBD91A385932008CDF89 /* SecondViewController.m */ = {isa = PBXFileReference; lastKnownFileType = sourcecode.c.objc; path = SecondViewController.m; sourceTree = "<group>"; };
		4BDBEBDC1A385932008CDF89 /* Base */ = {isa = PBXFileReference; lastKnownFileType = file.storyboard; name = Base; path = Base.lproj/Main.storyboard; sourceTree = "<group>"; };
		4BDBEBDE1A385932008CDF89 /* Images.xcassets */ = {isa = PBXFileReference; lastKnownFileType = folder.assetcatalog; path = Images.xcassets; sourceTree = "<group>"; };
		4BDBEBE11A385932008CDF89 /* Base */ = {isa = PBXFileReference; lastKnownFileType = file.xib; name = Base; path = Base.lproj/LaunchScreen.xib; sourceTree = "<group>"; };
		4BDBEBE71A385932008CDF89 /* TestTravisiOSTests.xctest */ = {isa = PBXFileReference; explicitFileType = wrapper.cfbundle; includeInIndex = 0; path = TestTravisiOSTests.xctest; sourceTree = BUILT_PRODUCTS_DIR; };
		4BDBEBEC1A385932008CDF89 /* Info.plist */ = {isa = PBXFileReference; lastKnownFileType = text.plist.xml; path = Info.plist; sourceTree = "<group>"; };
		4BDBEBED1A385932008CDF89 /* TestTravisiOSTests.m */ = {isa = PBXFileReference; lastKnownFileType = sourcecode.c.objc; path = TestTravisiOSTests.m; sourceTree = "<group>"; };
/* End PBXFileReference section */

/* Begin PBXFrameworksBuildPhase section */
		4BDBEBC81A385931008CDF89 /* Frameworks */ = {
			isa = PBXFrameworksBuildPhase;
			buildActionMask = 2147483647;
			files = (
			);
			runOnlyForDeploymentPostprocessing = 0;
		};
		4BDBEBE41A385932008CDF89 /* Frameworks */ = {
			isa = PBXFrameworksBuildPhase;
			buildActionMask = 2147483647;
			files = (
			);
			runOnlyForDeploymentPostprocessing = 0;
		};
/* End PBXFrameworksBuildPhase section */

/* Begin PBXGroup section */
		4BDBEBC21A385931008CDF89 = {
			isa = PBXGroup;
			children = (
				4BDBEBCD1A385931008CDF89 /* TestTravisiOS */,
				4BDBEBEA1A385932008CDF89 /* TestTravisiOSTests */,
				4BDBEBCC1A385931008CDF89 /* Products */,
			);
			sourceTree = "<group>";
		};
		4BDBEBCC1A385931008CDF89 /* Products */ = {
			isa = PBXGroup;
			children = (
				4BDBEBCB1A385931008CDF89 /* TestTravisiOS.app */,
				4BDBEBE71A385932008CDF89 /* TestTravisiOSTests.xctest */,
			);
			name = Products;
			sourceTree = "<group>";
		};
		4BDBEBCD1A385931008CDF89 /* TestTravisiOS */ = {
			isa = PBXGroup;
			children = (
				4BDBEBD21A385932008CDF89 /* AppDelegate.h */,
				4BDBEBD31A385932008CDF89 /* AppDelegate.m */,
				4BDBEBD51A385932008CDF89 /* FirstViewController.h */,
				4BDBEBD61A385932008CDF89 /* FirstViewController.m */,
				4BDBEBD81A385932008CDF89 /* SecondViewController.h */,
				4BDBEBD91A385932008CDF89 /* SecondViewController.m */,
				4BDBEBDB1A385932008CDF89 /* Main.storyboard */,
				4BDBEBDE1A385932008CDF89 /* Images.xcassets */,
				4BDBEBE01A385932008CDF89 /* LaunchScreen.xib */,
				4BDBEBCE1A385932008CDF89 /* Supporting Files */,
			);
			path = TestTravisiOS;
			sourceTree = "<group>";
		};
		4BDBEBCE1A385932008CDF89 /* Supporting Files */ = {
			isa = PBXGroup;
			children = (
				4BDBEBCF1A385932008CDF89 /* Info.plist */,
				4BDBEBD01A385932008CDF89 /* main.m */,
			);
			name = "Supporting Files";
			sourceTree = "<group>";
		};
		4BDBEBEA1A385932008CDF89 /* TestTravisiOSTests */ = {
			isa = PBXGroup;
			children = (
				4BDBEBED1A385932008CDF89 /* TestTravisiOSTests.m */,
				4BDBEBEB1A385932008CDF89 /* Supporting Files */,
			);
			path = TestTravisiOSTests;
			sourceTree = "<group>";
		};
		4BDBEBEB1A385932008CDF89 /* Supporting Files */ = {
			isa = PBXGroup;
			children = (
				4BDBEBEC1A385932008CDF89 /* Info.plist */,
			);
			name = "Supporting Files";
			sourceTree = "<group>";
		};
/* End PBXGroup section */

/* Begin PBXNativeTarget section */
		4BDBEBCA1A385931008CDF89 /* TestTravisiOS */ = {
			isa = PBXNativeTarget;
			buildConfigurationList = 4BDBEBF11A385932008CDF89 /* Build configuration list for PBXNativeTarget "TestTravisiOS" */;
			buildPhases = (
				4BDBEBC71A385931008CDF89 /* Sources */,
				4BDBEBC81A385931008CDF89 /* Frameworks */,
				4BDBEBC91A385931008CDF89 /* Resources */,
			);
			buildRules = (
			);
			dependencies = (
			);
			name = TestTravisiOS;
			productName = TestTravisiOS;
			productReference = 4BDBEBCB1A385931008CDF89 /* TestTravisiOS.app */;
			productType = "com.apple.product-type.application";
		};
		4BDBEBE61A385932008CDF89 /* TestTravisiOSTests */ = {
			isa = PBXNativeTarget;
			buildConfigurationList = 4BDBEBF41A385932008CDF89 /* Build configuration list for PBXNativeTarget "TestTravisiOSTests" */;
			buildPhases = (
				4BDBEBE31A385932008CDF89 /* Sources */,
				4BDBEBE41A385932008CDF89 /* Frameworks */,
				4BDBEBE51A385932008CDF89 /* Resources */,
			);
			buildRules = (
			);
			dependencies = (
				4BDBEBE91A385932008CDF89 /* PBXTargetDependency */,
			);
			name = TestTravisiOSTests;
			productName = TestTravisiOSTests;
			productReference = 4BDBEBE71A385932008CDF89 /* TestTravisiOSTests.xctest */;
			productType = "com.apple.product-type.bundle.unit-test";
		};
/* End PBXNativeTarget section */

/* Begin PBXProject section */
		4BDBEBC31A385931008CDF89 /* Project object */ = {
			isa = PBXProject;
			attributes = {
				LastUpgradeCheck = 0610;
				ORGANIZATIONNAME = Pondd;
				TargetAttributes = {
					4BDBEBCA1A385931008CDF89 = {
						CreatedOnToolsVersion = 6.1.1;
					};
					4BDBEBE61A385932008CDF89 = {
						CreatedOnToolsVersion = 6.1.1;
						TestTargetID = 4BDBEBCA1A385931008CDF89;
					};
				};
			};
			buildConfigurationList = 4BDBEBC61A385931008CDF89 /* Build configuration list for PBXProject "TestTravisiOS" */;
			compatibilityVersion = "Xcode 3.2";
			developmentRegion = English;
			hasScannedForEncodings = 0;
			knownRegions = (
				en,
				Base,
			);
			mainGroup = 4BDBEBC21A385931008CDF89;
			productRefGroup = 4BDBEBCC1A385931008CDF89 /* Products */;
			projectDirPath = "";
			projectRoot = "";
			targets = (
				4BDBEBCA1A385931008CDF89 /* TestTravisiOS */,
				4BDBEBE61A385932008CDF89 /* TestTravisiOSTests */,
			);
		};
/* End PBXProject section */

/* Begin PBXResourcesBuildPhase section */
		4BDBEBC91A385931008CDF89 /* Resources */ = {
			isa = PBXResourcesBuildPhase;
			buildActionMask = 2147483647;
			files = (
				4BDBEBDD1A385932008CDF89 /* Main.storyboard in Resources */,
				4BDBEBE21A385932008CDF89 /* LaunchScreen.xib in Resources */,
				4BDBEBDF1A385932008CDF89 /* Images.xcassets in Resources */,
			);
			runOnlyForDeploymentPostprocessing = 0;
		};
		4BDBEBE51A385932008CDF89 /* Resources */ = {
			isa = PBXResourcesBuildPhase;
			buildActionMask = 2147483647;
			files = (
			);
			runOnlyForDeploymentPostprocessing = 0;
		};
/* End PBXResourcesBuildPhase section */

/* Begin PBXSourcesBuildPhase section */
		4BDBEBC71A385931008CDF89 /* Sources */ = {
			isa = PBXSourcesBuildPhase;
			buildActionMask = 2147483647;
			files = (
				4BDBEBDA1A385932008CDF89 /* SecondViewController.m in Sources */,
				4BDBEBD41A385932008CDF89 /* AppDelegate.m in Sources */,
				4BDBEBD71A385932008CDF89 /* FirstViewController.m in Sources */,
				4BDBEBD11A385932008CDF89 /* main.m in Sources */,
			);
			runOnlyForDeploymentPostprocessing = 0;
		};
		4BDBEBE31A385932008CDF89 /* Sources */ = {
			isa = PBXSourcesBuildPhase;
			buildActionMask = 2147483647;
			files = (
				4BDBEBEE1A385932008CDF89 /* TestTravisiOSTests.m in Sources */,
			);
			runOnlyForDeploymentPostprocessing = 0;
		};
/* End PBXSourcesBuildPhase section */

/* Begin PBXTargetDependency section */
		4BDBEBE91A385932008CDF89 /* PBXTargetDependency */ = {
			isa = PBXTargetDependency;
			target = 4BDBEBCA1A385931008CDF89 /* TestTravisiOS */;
			targetProxy = 4BDBEBE81A385932008CDF89 /* PBXContainerItemProxy */;
		};
/* End PBXTargetDependency section */

/* Begin PBXVariantGroup section */
		4BDBEBDB1A385932008CDF89 /* Main.storyboard */ = {
			isa = PBXVariantGroup;
			children = (
				4BDBEBDC1A385932008CDF89 /* Base */,
			);
			name = Main.storyboard;
			sourceTree = "<group>";
		};
		4BDBEBE01A385932008CDF89 /* LaunchScreen.xib */ = {
			isa = PBXVariantGroup;
			children = (
				4BDBEBE11A385932008CDF89 /* Base */,
			);
			name = LaunchScreen.xib;
			sourceTree = "<group>";
		};
/* End PBXVariantGroup section */

/* Begin XCBuildConfiguration section */
		4BDBEBEF1A385932008CDF89 /* Debug */ = {
			isa = XCBuildConfiguration;
			buildSettings = {
				ALWAYS_SEARCH_USER_PATHS = NO;
				CLANG_CXX_LANGUAGE_STANDARD = "gnu++0x";
				CLANG_CXX_LIBRARY = "libc++";
				CLANG_ENABLE_MODULES = YES;
				CLANG_ENABLE_OBJC_ARC = YES;
				CLANG_WARN_BOOL_CONVERSION = YES;
				CLANG_WARN_CONSTANT_CONVERSION = YES;
				CLANG_WARN_DIRECT_OBJC_ISA_USAGE = YES_ERROR;
				CLANG_WARN_EMPTY_BODY = YES;
				CLANG_WARN_ENUM_CONVERSION = YES;
				CLANG_WARN_INT_CONVERSION = YES;
				CLANG_WARN_OBJC_ROOT_CLASS = YES_ERROR;
				CLANG_WARN_UNREACHABLE_CODE = YES;
				CLANG_WARN__DUPLICATE_METHOD_MATCH = YES;
				"CODE_SIGN_IDENTITY[sdk=iphoneos*]" = "iPhone Developer";
				COPY_PHASE_STRIP = NO;
				ENABLE_STRICT_OBJC_MSGSEND = YES;
				GCC_C_LANGUAGE_STANDARD = gnu99;
				GCC_DYNAMIC_NO_PIC = NO;
				GCC_OPTIMIZATION_LEVEL = 0;
				GCC_PREPROCESSOR_DEFINITIONS = (
					"DEBUG=1",
					"$(inherited)",
				);
				GCC_SYMBOLS_PRIVATE_EXTERN = NO;
				GCC_WARN_64_TO_32_BIT_CONVERSION = YES;
				GCC_WARN_ABOUT_RETURN_TYPE = YES_ERROR;
				GCC_WARN_UNDECLARED_SELECTOR = YES;
				GCC_WARN_UNINITIALIZED_AUTOS = YES_AGGRESSIVE;
				GCC_WARN_UNUSED_FUNCTION = YES;
				GCC_WARN_UNUSED_VARIABLE = YES;
				IPHONEOS_DEPLOYMENT_TARGET = 8.1;
				MTL_ENABLE_DEBUG_INFO = YES;
				ONLY_ACTIVE_ARCH = YES;
				SDKROOT = iphoneos;
			};
			name = Debug;
		};
		4BDBEBF01A385932008CDF89 /* Release */ = {
			isa = XCBuildConfiguration;
			buildSettings = {
				ALWAYS_SEARCH_USER_PATHS = NO;
				CLANG_CXX_LANGUAGE_STANDARD = "gnu++0x";
				CLANG_CXX_LIBRARY = "libc++";
				CLANG_ENABLE_MODULES = YES;
				CLANG_ENABLE_OBJC_ARC = YES;
				CLANG_WARN_BOOL_CONVERSION = YES;
				CLANG_WARN_CONSTANT_CONVERSION = YES;
				CLANG_WARN_DIRECT_OBJC_ISA_USAGE = YES_ERROR;
				CLANG_WARN_EMPTY_BODY = YES;
				CLANG_WARN_ENUM_CONVERSION = YES;
				CLANG_WARN_INT_CONVERSION = YES;
				CLANG_WARN_OBJC_ROOT_CLASS = YES_ERROR;
				CLANG_WARN_UNREACHABLE_CODE = YES;
				CLANG_WARN__DUPLICATE_METHOD_MATCH = YES;
				"CODE_SIGN_IDENTITY[sdk=iphoneos*]" = "iPhone Developer";
				COPY_PHASE_STRIP = YES;
				ENABLE_NS_ASSERTIONS = NO;
				ENABLE_STRICT_OBJC_MSGSEND = YES;
				GCC_C_LANGUAGE_STANDARD = gnu99;
				GCC_WARN_64_TO_32_BIT_CONVERSION = YES;
				GCC_WARN_ABOUT_RETURN_TYPE = YES_ERROR;
				GCC_WARN_UNDECLARED_SELECTOR = YES;
				GCC_WARN_UNINITIALIZED_AUTOS = YES_AGGRESSIVE;
				GCC_WARN_UNUSED_FUNCTION = YES;
				GCC_WARN_UNUSED_VARIABLE = YES;
				IPHONEOS_DEPLOYMENT_TARGET = 8.1;
				MTL_ENABLE_DEBUG_INFO = NO;
				SDKROOT = iphoneos;
				VALIDATE_PRODUCT = YES;
			};
			name = Release;
		};
		4BDBEBF21A385932008CDF89 /* Debug */ = {
			isa = XCBuildConfiguration;
			buildSettings = {
				ASSETCATALOG_COMPILER_APPICON_NAME = AppIcon;
				INFOPLIST_FILE = TestTravisiOS/Info.plist;
				LD_RUNPATH_SEARCH_PATHS = "$(inherited) @executable_path/Frameworks";
				PRODUCT_NAME = "$(TARGET_NAME)";
			};
			name = Debug;
		};
		4BDBEBF31A385932008CDF89 /* Release */ = {
			isa = XCBuildConfiguration;
			buildSettings = {
				ASSETCATALOG_COMPILER_APPICON_NAME = AppIcon;
				INFOPLIST_FILE = TestTravisiOS/Info.plist;
				LD_RUNPATH_SEARCH_PATHS = "$(inherited) @executable_path/Frameworks";
				PRODUCT_NAME = "$(TARGET_NAME)";
			};
			name = Release;
		};
		4BDBEBF51A385932008CDF89 /* Debug */ = {
			isa = XCBuildConfiguration;
			buildSettings = {
				BUNDLE_LOADER = "$(TEST_HOST)";
				FRAMEWORK_SEARCH_PATHS = (
					"$(SDKROOT)/Developer/Library/Frameworks",
					"$(inherited)",
				);
				GCC_PREPROCESSOR_DEFINITIONS = (
					"DEBUG=1",
					"$(inherited)",
				);
				INFOPLIST_FILE = TestTravisiOSTests/Info.plist;
				LD_RUNPATH_SEARCH_PATHS = "$(inherited) @executable_path/Frameworks @loader_path/Frameworks";
				PRODUCT_NAME = "$(TARGET_NAME)";
				TEST_HOST = "$(BUILT_PRODUCTS_DIR)/TestTravisiOS.app/TestTravisiOS";
			};
			name = Debug;
		};
		4BDBEBF61A385932008CDF89 /* Release */ = {
			isa = XCBuildConfiguration;
			buildSettings = {
				BUNDLE_LOADER = "$(TEST_HOST)";
				FRAMEWORK_SEARCH_PATHS = (
					"$(SDKROOT)/Developer/Library/Frameworks",
					"$(inherited)",
				);
				INFOPLIST_FILE = TestTravisiOSTests/Info.plist;
				LD_RUNPATH_SEARCH_PATHS = "$(inherited) @executable_path/Frameworks @loader_path/Frameworks";
				PRODUCT_NAME = "$(TARGET_NAME)";
				TEST_HOST = "$(BUILT_PRODUCTS_DIR)/TestTravisiOS.app/TestTravisiOS";
			};
			name = Release;
		};
/* End XCBuildConfiguration section */

/* Begin XCConfigurationList section */
		4BDBEBC61A385931008CDF89 /* Build configuration list for PBXProject "TestTravisiOS" */ = {
			isa = XCConfigurationList;
			buildConfigurations = (
				4BDBEBEF1A385932008CDF89 /* Debug */,
				4BDBEBF01A385932008CDF89 /* Release */,
			);
			defaultConfigurationIsVisible = 0;
			defaultConfigurationName = Release;
		};
		4BDBEBF11A385932008CDF89 /* Build configuration list for PBXNativeTarget "TestTravisiOS" */ = {
			isa = XCConfigurationList;
			buildConfigurations = (
				4BDBEBF21A385932008CDF89 /* Debug */,
				4BDBEBF31A385932008CDF89 /* Release */,
			);
			defaultConfigurationIsVisible = 0;
		};
		4BDBEBF41A385932008CDF89 /* Build configuration list for PBXNativeTarget "TestTravisiOSTests" */ = {
			isa = XCConfigurationList;
			buildConfigurations = (
				4BDBEBF51A385932008CDF89 /* Debug */,
				4BDBEBF61A385932008CDF89 /* Release */,
			);
			defaultConfigurationIsVisible = 0;
		};
/* End XCConfigurationList section */
	};
	rootObject = 4BDBEBC31A385931008CDF89 /* Project object */;
}
